
Microsoft Visual Studio Solution File, Format Version 12.00
# Visual Studio Version 16
VisualStudioVersion = 16.0.30011.22
MinimumVisualStudioVersion = 10.0.40219.1
Project("{8BC9CEB8-8B4A-11D0-8D11-00A0C91BC942}") = "vd222", "vd222.vcxproj", "{2BD6581A-92FE-406E-B24B-A2955513F840}"
EndProject
Global
	GlobalSection(SolutionConfigurationPlatforms) = preSolution
		Debug|x64 = Debug|x64
		Debug|x86 = Debug|x86
		Release|x64 = Release|x64
		Release|x86 = Release|x86
	EndGlobalSection
	GlobalSection(ProjectConfigurationPlatforms) = postSolution
		{2BD6581A-92FE-406E-B24B-A2955513F840}.Debug|x64.ActiveCfg = Debug|x64
		{2BD6581A-92FE-406E-B24B-A2955513F840}.Debug|x64.Build.0 = Debug|x64
		{2BD6581A-92FE-406E-B24B-A2955513F840}.Debug|x86.ActiveCfg = Debug|Win32
		{2BD6581A-92FE-406E-B24B-A2955513F840}.Debug|x86.Build.0 = Debug|Win32
		{2BD6581A-92FE-406E-B24B-A2955513F840}.Release|x64.ActiveCfg = Release|x64
		{2BD6581A-92FE-406E-B24B-A2955513F840}.Release|x64.Build.0 = Release|x64
		{2BD6581A-92FE-406E-B24B-A2955513F840}.Release|x86.ActiveCfg = Release|Win32
		{2BD6581A-92FE-406E-B24B-A2955513F840}.Release|x86.Build.0 = Release|Win32
	EndGlobalSection
	GlobalSection(SolutionProperties) = preSolution
		HideSolutionNode = FALSE
	EndGlobalSection
	GlobalSection(ExtensibilityGlobals) = postSolution
		SolutionGuid = {9C48EBB9-9A7B-4A4C-AA8F-520AAB9B87C7}
	EndGlobalSection
EndGlobal
